
Microsoft Visual Studio Solution File, Format Version 12.00
# Visual Studio Version 17
VisualStudioVersion = 17.10.34916.146
MinimumVisualStudioVersion = 10.0.40219.1
Project("{FAE04EC0-301F-11D3-BF4B-00C04F79EFBC}") = "WeatherApp", "WeatherApp.csproj", "{A25BA550-CE3B-4DF8-8DF2-A55F8BB6C447}"
EndProject
Global
	GlobalSection(SolutionConfigurationPlatforms) = preSolution
		Debug|Any CPU = Debug|Any CPU
		Release|Any CPU = Release|Any CPU
	EndGlobalSection
	GlobalSection(ProjectConfigurationPlatforms) = postSolution
		{A25BA550-CE3B-4DF8-8DF2-A55F8BB6C447}.Debug|Any CPU.ActiveCfg = Debug|Any CPU
		{A25BA550-CE3B-4DF8-8DF2-A55F8BB6C447}.Debug|Any CPU.Build.0 = Debug|Any CPU
		{A25BA550-CE3B-4DF8-8DF2-A55F8BB6C447}.Release|Any CPU.ActiveCfg = Release|Any CPU
		{A25BA550-CE3B-4DF8-8DF2-A55F8BB6C447}.Release|Any CPU.Build.0 = Release|Any CPU
	EndGlobalSection
	GlobalSection(SolutionProperties) = preSolution
		HideSolutionNode = FALSE
	EndGlobalSection
	GlobalSection(ExtensibilityGlobals) = postSolution
		SolutionGuid = {6C115AF7-E4B6-44E4-8996-F410BB63CAE7}
	EndGlobalSection
EndGlobal
